
Microsoft Visual Studio Solution File, Format Version 12.00
# Visual Studio Version 17
VisualStudioVersion = 17.11.35327.3
MinimumVisualStudioVersion = 10.0.40219.1
Project("{FAE04EC0-301F-11D3-BF4B-00C04F79EFBC}") = "BulkyBookWeb", "BulkyBookWeb\BulkyBookWeb.csproj", "{7467B9A2-A917-4C3D-AFF3-7225538BB891}"
EndProject
Global
	GlobalSection(SolutionConfigurationPlatforms) = preSolution
		Debug|Any CPU = Debug|Any CPU
		Release|Any CPU = Release|Any CPU
	EndGlobalSection
	GlobalSection(ProjectConfigurationPlatforms) = postSolution
		{7467B9A2-A917-4C3D-AFF3-7225538BB891}.Debug|Any CPU.ActiveCfg = Debug|Any CPU
		{7467B9A2-A917-4C3D-AFF3-7225538BB891}.Debug|Any CPU.Build.0 = Debug|Any CPU
		{7467B9A2-A917-4C3D-AFF3-7225538BB891}.Release|Any CPU.ActiveCfg = Release|Any CPU
		{7467B9A2-A917-4C3D-AFF3-7225538BB891}.Release|Any CPU.Build.0 = Release|Any CPU
	EndGlobalSection
	GlobalSection(SolutionProperties) = preSolution
		HideSolutionNode = FALSE
	EndGlobalSection
	GlobalSection(ExtensibilityGlobals) = postSolution
		SolutionGuid = {EF77C0A5-8AC6-4F16-A1E0-234AF850911C}
	EndGlobalSection
EndGlobal
